
Microsoft Visual Studio Solution File, Format Version 12.00
# Visual Studio Version 17
VisualStudioVersion = 17.14.36414.22 d17.14
MinimumVisualStudioVersion = 10.0.40219.1
Project("{888888A0-9F3D-457C-B088-3A5042F75D52}") = "backend", "backend.pyproj", "{F315CA8F-67E3-4724-A21D-B94BEC0E3921}"
EndProject
Global
	GlobalSection(SolutionConfigurationPlatforms) = preSolution
		Debug|Any CPU = Debug|Any CPU
		Release|Any CPU = Release|Any CPU
	EndGlobalSection
	GlobalSection(ProjectConfigurationPlatforms) = postSolution
		{F315CA8F-67E3-4724-A21D-B94BEC0E3921}.Debug|Any CPU.ActiveCfg = Debug|Any CPU
		{F315CA8F-67E3-4724-A21D-B94BEC0E3921}.Release|Any CPU.ActiveCfg = Release|Any CPU
	EndGlobalSection
	GlobalSection(SolutionProperties) = preSolution
		HideSolutionNode = FALSE
	EndGlobalSection
	GlobalSection(ExtensibilityGlobals) = postSolution
		SolutionGuid = {94BCD16C-D806-4210-8B0C-C59C3939096A}
	EndGlobalSection
EndGlobal
